
Microsoft Visual Studio Solution File, Format Version 12.00
# Visual Studio Version 17
VisualStudioVersion = 17.0.32112.339
MinimumVisualStudioVersion = 10.0.40219.1
Project("{8BC9CEB8-8B4A-11D0-8D11-00A0C91BC942}") = "aufsummieren", "aufsummieren\aufsummieren.vcxproj", "{D0249EF7-165B-4906-8F06-9DFDF0D57EB7}"
EndProject
Project("{8BC9CEB8-8B4A-11D0-8D11-00A0C91BC942}") = "vererbung", "vererbung\vererbung.vcxproj", "{F611D1E1-3EBB-489F-9FC3-249C01F4B561}"
EndProject
Project("{8BC9CEB8-8B4A-11D0-8D11-00A0C91BC942}") = "Eingabe", "Eingabe\Eingabe.vcxproj", "{4B9BC120-D2D0-4D04-92B7-D733C7853F46}"
EndProject
Project("{8BC9CEB8-8B4A-11D0-8D11-00A0C91BC942}") = "for_loop_variants", "for_loop_variants\for_loop_variants.vcxproj", "{BA8F234B-A66A-4256-A61F-E2A33A8B5EE4}"
EndProject
Project("{8BC9CEB8-8B4A-11D0-8D11-00A0C91BC942}") = "objekte", "objekte\objekte.vcxproj", "{E8EDF1C3-82AC-4A38-BE5A-1AD8E6771C8A}"
EndProject
Project("{8BC9CEB8-8B4A-11D0-8D11-00A0C91BC942}") = "Übungen", "Übungen\Übungen.vcxproj", "{36D9DFD3-D376-425D-9BB7-172B82FE407E}"
EndProject
Project("{8BC9CEB8-8B4A-11D0-8D11-00A0C91BC942}") = "Typumwandlungen", "Typumwandlungen\Typumwandlungen.vcxproj", "{7CDDC258-3B80-4305-AD9A-89495891D74E}"
EndProject
Project("{8BC9CEB8-8B4A-11D0-8D11-00A0C91BC942}") = "Anweisungen", "Anweisungen\Anweisungen.vcxproj", "{245210C5-DACB-4F5D-98F0-881FB44796C8}"
EndProject
Project("{8BC9CEB8-8B4A-11D0-8D11-00A0C91BC942}") = "Vektor", "Vektor\Vektor.vcxproj", "{67C186DB-F764-47C3-B7AD-B169D1846B9E}"
EndProject
Project("{8BC9CEB8-8B4A-11D0-8D11-00A0C91BC942}") = "Kapitel_5", "Kapitel_5\Kapitel_5.vcxproj", "{9CC039A1-4CCD-41E8-A2A9-0C4CF252D4B1}"
EndProject
Global
	GlobalSection(SolutionConfigurationPlatforms) = preSolution
		Debug|x64 = Debug|x64
		Debug|x86 = Debug|x86
		Release|x64 = Release|x64
		Release|x86 = Release|x86
	EndGlobalSection
	GlobalSection(ProjectConfigurationPlatforms) = postSolution
		{D0249EF7-165B-4906-8F06-9DFDF0D57EB7}.Debug|x64.ActiveCfg = Debug|x64
		{D0249EF7-165B-4906-8F06-9DFDF0D57EB7}.Debug|x64.Build.0 = Debug|x64
		{D0249EF7-165B-4906-8F06-9DFDF0D57EB7}.Debug|x86.ActiveCfg = Debug|Win32
		{D0249EF7-165B-4906-8F06-9DFDF0D57EB7}.Debug|x86.Build.0 = Debug|Win32
		{D0249EF7-165B-4906-8F06-9DFDF0D57EB7}.Release|x64.ActiveCfg = Release|x64
		{D0249EF7-165B-4906-8F06-9DFDF0D57EB7}.Release|x64.Build.0 = Release|x64
		{D0249EF7-165B-4906-8F06-9DFDF0D57EB7}.Release|x86.ActiveCfg = Release|Win32
		{D0249EF7-165B-4906-8F06-9DFDF0D57EB7}.Release|x86.Build.0 = Release|Win32
		{F611D1E1-3EBB-489F-9FC3-249C01F4B561}.Debug|x64.ActiveCfg = Debug|x64
		{F611D1E1-3EBB-489F-9FC3-249C01F4B561}.Debug|x64.Build.0 = Debug|x64
		{F611D1E1-3EBB-489F-9FC3-249C01F4B561}.Debug|x86.ActiveCfg = Debug|Win32
		{F611D1E1-3EBB-489F-9FC3-249C01F4B561}.Debug|x86.Build.0 = Debug|Win32
		{F611D1E1-3EBB-489F-9FC3-249C01F4B561}.Release|x64.ActiveCfg = Release|x64
		{F611D1E1-3EBB-489F-9FC3-249C01F4B561}.Release|x64.Build.0 = Release|x64
		{F611D1E1-3EBB-489F-9FC3-249C01F4B561}.Release|x86.ActiveCfg = Release|Win32
		{F611D1E1-3EBB-489F-9FC3-249C01F4B561}.Release|x86.Build.0 = Release|Win32
		{4B9BC120-D2D0-4D04-92B7-D733C7853F46}.Debug|x64.ActiveCfg = Debug|x64
		{4B9BC120-D2D0-4D04-92B7-D733C7853F46}.Debug|x64.Build.0 = Debug|x64
		{4B9BC120-D2D0-4D04-92B7-D733C7853F46}.Debug|x86.ActiveCfg = Debug|Win32
		{4B9BC120-D2D0-4D04-92B7-D733C7853F46}.Debug|x86.Build.0 = Debug|Win32
		{4B9BC120-D2D0-4D04-92B7-D733C7853F46}.Release|x64.ActiveCfg = Release|x64
		{4B9BC120-D2D0-4D04-92B7-D733C7853F46}.Release|x64.Build.0 = Release|x64
		{4B9BC120-D2D0-4D04-92B7-D733C7853F46}.Release|x86.ActiveCfg = Release|Win32
		{4B9BC120-D2D0-4D04-92B7-D733C7853F46}.Release|x86.Build.0 = Release|Win32
		{BA8F234B-A66A-4256-A61F-E2A33A8B5EE4}.Debug|x64.ActiveCfg = Debug|x64
		{BA8F234B-A66A-4256-A61F-E2A33A8B5EE4}.Debug|x64.Build.0 = Debug|x64
		{BA8F234B-A66A-4256-A61F-E2A33A8B5EE4}.Debug|x86.ActiveCfg = Debug|Win32
		{BA8F234B-A66A-4256-A61F-E2A33A8B5EE4}.Debug|x86.Build.0 = Debug|Win32
		{BA8F234B-A66A-4256-A61F-E2A33A8B5EE4}.Release|x64.ActiveCfg = Release|x64
		{BA8F234B-A66A-4256-A61F-E2A33A8B5EE4}.Release|x64.Build.0 = Release|x64
		{BA8F234B-A66A-4256-A61F-E2A33A8B5EE4}.Release|x86.ActiveCfg = Release|Win32
		{BA8F234B-A66A-4256-A61F-E2A33A8B5EE4}.Release|x86.Build.0 = Release|Win32
		{E8EDF1C3-82AC-4A38-BE5A-1AD8E6771C8A}.Debug|x64.ActiveCfg = Debug|x64
		{E8EDF1C3-82AC-4A38-BE5A-1AD8E6771C8A}.Debug|x64.Build.0 = Debug|x64
		{E8EDF1C3-82AC-4A38-BE5A-1AD8E6771C8A}.Debug|x86.ActiveCfg = Debug|Win32
		{E8EDF1C3-82AC-4A38-BE5A-1AD8E6771C8A}.Debug|x86.Build.0 = Debug|Win32
		{E8EDF1C3-82AC-4A38-BE5A-1AD8E6771C8A}.Release|x64.ActiveCfg = Release|x64
		{E8EDF1C3-82AC-4A38-BE5A-1AD8E6771C8A}.Release|x64.Build.0 = Release|x64
		{E8EDF1C3-82AC-4A38-BE5A-1AD8E6771C8A}.Release|x86.ActiveCfg = Release|Win32
		{E8EDF1C3-82AC-4A38-BE5A-1AD8E6771C8A}.Release|x86.Build.0 = Release|Win32
		{36D9DFD3-D376-425D-9BB7-172B82FE407E}.Debug|x64.ActiveCfg = Debug|x64
		{36D9DFD3-D376-425D-9BB7-172B82FE407E}.Debug|x64.Build.0 = Debug|x64
		{36D9DFD3-D376-425D-9BB7-172B82FE407E}.Debug|x86.ActiveCfg = Debug|Win32
		{36D9DFD3-D376-425D-9BB7-172B82FE407E}.Debug|x86.Build.0 = Debug|Win32
		{36D9DFD3-D376-425D-9BB7-172B82FE407E}.Release|x64.ActiveCfg = Release|x64
		{36D9DFD3-D376-425D-9BB7-172B82FE407E}.Release|x64.Build.0 = Release|x64
		{36D9DFD3-D376-425D-9BB7-172B82FE407E}.Release|x86.ActiveCfg = Release|Win32
		{36D9DFD3-D376-425D-9BB7-172B82FE407E}.Release|x86.Build.0 = Release|Win32
		{7CDDC258-3B80-4305-AD9A-89495891D74E}.Debug|x64.ActiveCfg = Debug|x64
		{7CDDC258-3B80-4305-AD9A-89495891D74E}.Debug|x64.Build.0 = Debug|x64
		{7CDDC258-3B80-4305-AD9A-89495891D74E}.Debug|x86.ActiveCfg = Debug|Win32
		{7CDDC258-3B80-4305-AD9A-89495891D74E}.Debug|x86.Build.0 = Debug|Win32
		{7CDDC258-3B80-4305-AD9A-89495891D74E}.Release|x64.ActiveCfg = Release|x64
		{7CDDC258-3B80-4305-AD9A-89495891D74E}.Release|x64.Build.0 = Release|x64
		{7CDDC258-3B80-4305-AD9A-89495891D74E}.Release|x86.ActiveCfg = Release|Win32
		{7CDDC258-3B80-4305-AD9A-89495891D74E}.Release|x86.Build.0 = Release|Win32
		{245210C5-DACB-4F5D-98F0-881FB44796C8}.Debug|x64.ActiveCfg = Debug|x64
		{245210C5-DACB-4F5D-98F0-881FB44796C8}.Debug|x64.Build.0 = Debug|x64
		{245210C5-DACB-4F5D-98F0-881FB44796C8}.Debug|x86.ActiveCfg = Debug|Win32
		{245210C5-DACB-4F5D-98F0-881FB44796C8}.Debug|x86.Build.0 = Debug|Win32
		{245210C5-DACB-4F5D-98F0-881FB44796C8}.Release|x64.ActiveCfg = Release|x64
		{245210C5-DACB-4F5D-98F0-881FB44796C8}.Release|x64.Build.0 = Release|x64
		{245210C5-DACB-4F5D-98F0-881FB44796C8}.Release|x86.ActiveCfg = Release|Win32
		{245210C5-DACB-4F5D-98F0-881FB44796C8}.Release|x86.Build.0 = Release|Win32
		{67C186DB-F764-47C3-B7AD-B169D1846B9E}.Debug|x64.ActiveCfg = Debug|x64
		{67C186DB-F764-47C3-B7AD-B169D1846B9E}.Debug|x64.Build.0 = Debug|x64
		{67C186DB-F764-47C3-B7AD-B169D1846B9E}.Debug|x86.ActiveCfg = Debug|Win32
		{67C186DB-F764-47C3-B7AD-B169D1846B9E}.Debug|x86.Build.0 = Debug|Win32
		{67C186DB-F764-47C3-B7AD-B169D1846B9E}.Release|x64.ActiveCfg = Release|x64
		{67C186DB-F764-47C3-B7AD-B169D1846B9E}.Release|x64.Build.0 = Release|x64
		{67C186DB-F764-47C3-B7AD-B169D1846B9E}.Release|x86.ActiveCfg = Release|Win32
		{67C186DB-F764-47C3-B7AD-B169D1846B9E}.Release|x86.Build.0 = Release|Win32
		{9CC039A1-4CCD-41E8-A2A9-0C4CF252D4B1}.Debug|x64.ActiveCfg = Debug|x64
		{9CC039A1-4CCD-41E8-A2A9-0C4CF252D4B1}.Debug|x64.Build.0 = Debug|x64
		{9CC039A1-4CCD-41E8-A2A9-0C4CF252D4B1}.Debug|x86.ActiveCfg = Debug|Win32
		{9CC039A1-4CCD-41E8-A2A9-0C4CF252D4B1}.Debug|x86.Build.0 = Debug|Win32
		{9CC039A1-4CCD-41E8-A2A9-0C4CF252D4B1}.Release|x64.ActiveCfg = Release|x64
		{9CC039A1-4CCD-41E8-A2A9-0C4CF252D4B1}.Release|x64.Build.0 = Release|x64
		{9CC039A1-4CCD-41E8-A2A9-0C4CF252D4B1}.Release|x86.ActiveCfg = Release|Win32
		{9CC039A1-4CCD-41E8-A2A9-0C4CF252D4B1}.Release|x86.Build.0 = Release|Win32
	EndGlobalSection
	GlobalSection(SolutionProperties) = preSolution
		HideSolutionNode = FALSE
	EndGlobalSection
	GlobalSection(ExtensibilityGlobals) = postSolution
		SolutionGuid = {1039E8CA-5D9C-41D1-8C1D-3680615C1BED}
	EndGlobalSection
EndGlobal
